<?xml version="1.0" encoding="utf-8"?>
<Project ToolsVersion="4.0" xmlns="http://schemas.microsoft.com/developer/msbuild/2003">
  <ItemGroup>
    <Filter Include="Source Files">
      <UniqueIdentifier>{4FC737F1-C7A5-4376-A066-2A32D752A2FF}</UniqueIdentifier>
      <Extensions>cpp;c;cc;cxx;c++;cppm;ixx;def;odl;idl;hpj;bat;asm;asmx</Extensions>
    </Filter>
    <Filter Include="Header Files">
      <UniqueIdentifier>{93995380-89BD-4b04-88EB-625FBE52EBFB}</UniqueIdentifier>
      <Extensions>h;hh;hpp;hxx;h++;hm;inl;inc;ipp;xsd</Extensions>
    </Filter>
    <Filter Include="Resource Files">
      <UniqueIdentifier>{67DA6AB6-F800-4c08-8B7A-83BB121AAD01}</UniqueIdentifier>
      <Extensions>rc;ico;cur;bmp;dlg;rc2;rct;bin;rgs;gif;jpg;jpeg;jpe;resx;tiff;tif;png;wav;mfcribbon-ms</Extensions>
    </Filter>
    <Filter Include="Public Header Files">
      <UniqueIdentifier>{42f2cf54-7da2-4498-9ccb-81b6b9abb7d5}</UniqueIdentifier>
    </Filter>
  </ItemGroup>
  <ItemGroup>
    <ClCompile Include="ToolInfo.cpp">
      <Filter>Source Files</Filter>
    </ClCompile>
    <ClCompile Include="ToolInfoListLoader.cpp">
      <Filter>Source Files</Filter>
    </ClCompile>
    <ClCompile Include="ToolRunner.cpp">
      <Filter>Source Files</Filter>
    </ClCompile>
    <ClCompile Include="Utf8Utility.cpp">
      <Filter>Source Files</Filter>
    </ClCompile>
    <ClCompile Include="Config.cpp">
      <Filter>Source Files</Filter>
    </ClCompile>
    <ClCompile Include="VarStringSplitter.cpp">
      <Filter>Source Files</Filter>
    </ClCompile>
    <ClCompile Include="IconLoader.cpp">
      <Filter>Source Files</Filter>
    </ClCompile>
    <ClCompile Include="IconLibrary.cpp">
      <Filter>Source Files</Filter>
    </ClCompile>
    <ClCompile Include="IconFallbackCache.cpp">
      <Filter>Source Files</Filter>
    </ClCompile>
    <ClCompile Include="LogFile.cpp">
      <Filter>Source Files</Filter>
    </ClCompile>
  </ItemGroup>
  <ItemGroup>
    <ClInclude Include="include\Toolbox\ToolInfoListLoader.h">
      <Filter>Public Header Files</Filter>
    </ClInclude>
    <ClInclude Include="include\Toolbox\ToolRunner.h">
      <Filter>Public Header Files</Filter>
    </ClInclude>
    <ClInclude Include="include\Toolbox\ToolInfo.h">
      <Filter>Public Header Files</Filter>
    </ClInclude>
    <ClInclude Include="Utf8Utility.h">
      <Filter>Header Files</Filter>
    </ClInclude>
    <ClInclude Include="include\Toolbox\Config.h">
      <Filter>Public Header Files</Filter>
    </ClInclude>
    <ClInclude Include="VarStringSplitter.h">
      <Filter>Header Files</Filter>
    </ClInclude>
    <ClInclude Include="include\Toolbox\IconLoader.h">
      <Filter>Public Header Files</Filter>
    </ClInclude>
    <ClInclude Include="include\Toolbox\IconLibrary.h">
      <Filter>Public Header Files</Filter>
    </ClInclude>
    <ClInclude Include="IconFallbackCache.h">
      <Filter>Header Files</Filter>
    </ClInclude>
    <ClInclude Include="include\Toolbox\LogFile.h">
      <Filter>Public Header Files</Filter>
    </ClInclude>
  </ItemGroup>
  <ItemGroup>
    <None Include="packages.config" />
  </ItemGroup>
</Project>